
Microsoft Visual Studio Solution File, Format Version 12.00
# Visual Studio Version 17
VisualStudioVersion = 17.9.34714.143
MinimumVisualStudioVersion = 10.0.40219.1
Project("{FAE04EC0-301F-11D3-BF4B-00C04F79EFBC}") = "HelionTask2WForms", "HelionTask2WForms\HelionTask2WForms.csproj", "{D00A81FF-020F-4813-9058-9DBC601BF934}"
EndProject
Global
	GlobalSection(SolutionConfigurationPlatforms) = preSolution
		Debug|Any CPU = Debug|Any CPU
		Release|Any CPU = Release|Any CPU
	EndGlobalSection
	GlobalSection(ProjectConfigurationPlatforms) = postSolution
		{D00A81FF-020F-4813-9058-9DBC601BF934}.Debug|Any CPU.ActiveCfg = Debug|Any CPU
		{D00A81FF-020F-4813-9058-9DBC601BF934}.Debug|Any CPU.Build.0 = Debug|Any CPU
		{D00A81FF-020F-4813-9058-9DBC601BF934}.Release|Any CPU.ActiveCfg = Release|Any CPU
		{D00A81FF-020F-4813-9058-9DBC601BF934}.Release|Any CPU.Build.0 = Release|Any CPU
	EndGlobalSection
	GlobalSection(SolutionProperties) = preSolution
		HideSolutionNode = FALSE
	EndGlobalSection
	GlobalSection(ExtensibilityGlobals) = postSolution
		SolutionGuid = {7D12F44D-FA35-468E-BEDB-FA5F27C1F4EA}
	EndGlobalSection
EndGlobal
